lockfileVersion: '9.0'

settings:
  autoInstallPeers: true
  excludeLinksFromLockfile: false

importers:

  .: {}

  packages/cashbound-eslint:
    devDependencies:
      '@cashbound-id/tsconfig':
        specifier: ^1.0.0
        version: 1.0.0(react@19.0.0)(typescript-transform-paths@3.5.5(typescript@5.8.2))(typescript@5.8.2)

  packages/cashbound-tsconfig:
    devDependencies:
      react:
        specifier: ^17.0.0 || ^18.0.0 || ^19.0.0
        version: 19.0.0
      typescript:
        specifier: ^5.0.0
        version: 5.8.2
      typescript-transform-paths:
        specifier: ^3.0.0
        version: 3.5.5(typescript@5.8.2)

packages:

  '@cashbound-id/tsconfig@1.0.0':
    resolution: {integrity: sha512-NMx8SeOGGgq71aSsZBWm9dZMPv1GfUMHnv7hj6VKwWiiHvZ/moJj60orkVGn+9qpoM0ENMtlPjlOlnFKM4gy9w==, tarball: https://npm.pkg.github.com/download/@cashbound-id/tsconfig/1.0.0/93fd6554243fcce580b69558db628aa9b215e1ef}
    peerDependencies:
      react: ^17.0.0 || ^18.0.0 || ^19.0.0
      typescript: ^5.0.0
      typescript-transform-paths: ^3.0.0

  balanced-match@1.0.2:
    resolution: {integrity: sha512-3oSeUO0TMV67hN1AmbXsK4yaqU7tjiHlbxRDZOpH0KW9+CeX4bRAaX0Anxt0tx2MrpRpWwQaPwIlISEJhYU5Pw==}

  brace-expansion@2.0.1:
    resolution: {integrity: sha512-XnAIvQ8eM+kC6aULx6wuQiwVsnzsi9d3WxzV3FpWTGA19F621kwdbsAcFKXgKUHZWsy+mY6iL1sHTxWEFCytDA==}

  minimatch@9.0.5:
    resolution: {integrity: sha512-G6T0ZX48xgozx7587koeX9Ys2NYy6Gmv//P89sEte9V9whIapMNF4idKxnW2QtCcLiTWlb/wfCabAtAFWhhBow==}
    engines: {node: '>=16 || 14 >=14.17'}

  react@19.0.0:
    resolution: {integrity: sha512-V8AVnmPIICiWpGfm6GLzCR/W5FXLchHop40W4nXBmdlEceh16rCN8O8LNWm5bh5XUX91fh7KpA+W0TgMKmgTpQ==}
    engines: {node: '>=0.10.0'}

  typescript-transform-paths@3.5.5:
    resolution: {integrity: sha512-RMK86wKe/4+ad+3kMT9SKAs3K0tUHLe7hF+MLbD6VpC9VUmFuKorhf3pHz+qO5GdS4mUp2ncNUo14j6ws9UvBQ==}
    peerDependencies:
      typescript: '>=3.6.5'

  typescript@5.8.2:
    resolution: {integrity: sha512-aJn6wq13/afZp/jT9QZmwEjDqqvSGp1VT5GVg+f/t6/oVyrgXM6BY1h9BRh/O5p3PlUPAe+WuiEZOmb/49RqoQ==}
    engines: {node: '>=14.17'}
    hasBin: true

snapshots:

  '@cashbound-id/tsconfig@1.0.0(react@19.0.0)(typescript-transform-paths@3.5.5(typescript@5.8.2))(typescript@5.8.2)':
    dependencies:
      react: 19.0.0
      typescript: 5.8.2
      typescript-transform-paths: 3.5.5(typescript@5.8.2)

  balanced-match@1.0.2: {}

  brace-expansion@2.0.1:
    dependencies:
      balanced-match: 1.0.2

  minimatch@9.0.5:
    dependencies:
      brace-expansion: 2.0.1

  react@19.0.0: {}

  typescript-transform-paths@3.5.5(typescript@5.8.2):
    dependencies:
      minimatch: 9.0.5
      typescript: 5.8.2

  typescript@5.8.2: {}
